
Microsoft Visual Studio Solution File, Format Version 12.00
# Visual Studio Version 17
VisualStudioVersion = 17.10.35013.160
MinimumVisualStudioVersion = 10.0.40219.1
Project("{FAE04EC0-301F-11D3-BF4B-00C04F79EFBC}") = "TaskManagement.Api", "TaskManagement.Api\TaskManagement.Api.csproj", "{4B9CF185-B2DE-4C3E-ABC1-C08C1389CCF2}"
EndProject
Project("{FAE04EC0-301F-11D3-BF4B-00C04F79EFBC}") = "TaskManagement.Application", "TaskManagement.Application\TaskManagement.Application.csproj", "{AF3A72F2-1F7F-4C49-B66C-EF5B64CFAA61}"
EndProject
Project("{FAE04EC0-301F-11D3-BF4B-00C04F79EFBC}") = "TaskManagement.Domain", "TaskManagement.Domain\TaskManagement.Domain.csproj", "{FD01E09D-4378-40A0-9AA4-07E23D6C9B2B}"
EndProject
Project("{FAE04EC0-301F-11D3-BF4B-00C04F79EFBC}") = "TaskManagement.Infrastructure", "TaskManagement.Infrastructure\TaskManagement.Infrastructure.csproj", "{7AD66B65-E30A-4499-B05A-062B6394D324}"
EndProject
Global
	GlobalSection(SolutionConfigurationPlatforms) = preSolution
		Debug|Any CPU = Debug|Any CPU
		Release|Any CPU = Release|Any CPU
	EndGlobalSection
	GlobalSection(ProjectConfigurationPlatforms) = postSolution
		{4B9CF185-B2DE-4C3E-ABC1-C08C1389CCF2}.Debug|Any CPU.ActiveCfg = Debug|Any CPU
		{4B9CF185-B2DE-4C3E-ABC1-C08C1389CCF2}.Debug|Any CPU.Build.0 = Debug|Any CPU
		{4B9CF185-B2DE-4C3E-ABC1-C08C1389CCF2}.Release|Any CPU.ActiveCfg = Release|Any CPU
		{4B9CF185-B2DE-4C3E-ABC1-C08C1389CCF2}.Release|Any CPU.Build.0 = Release|Any CPU
		{AF3A72F2-1F7F-4C49-B66C-EF5B64CFAA61}.Debug|Any CPU.ActiveCfg = Debug|Any CPU
		{AF3A72F2-1F7F-4C49-B66C-EF5B64CFAA61}.Debug|Any CPU.Build.0 = Debug|Any CPU
		{AF3A72F2-1F7F-4C49-B66C-EF5B64CFAA61}.Release|Any CPU.ActiveCfg = Release|Any CPU
		{AF3A72F2-1F7F-4C49-B66C-EF5B64CFAA61}.Release|Any CPU.Build.0 = Release|Any CPU
		{FD01E09D-4378-40A0-9AA4-07E23D6C9B2B}.Debug|Any CPU.ActiveCfg = Debug|Any CPU
		{FD01E09D-4378-40A0-9AA4-07E23D6C9B2B}.Debug|Any CPU.Build.0 = Debug|Any CPU
		{FD01E09D-4378-40A0-9AA4-07E23D6C9B2B}.Release|Any CPU.ActiveCfg = Release|Any CPU
		{FD01E09D-4378-40A0-9AA4-07E23D6C9B2B}.Release|Any CPU.Build.0 = Release|Any CPU
		{7AD66B65-E30A-4499-B05A-062B6394D324}.Debug|Any CPU.ActiveCfg = Debug|Any CPU
		{7AD66B65-E30A-4499-B05A-062B6394D324}.Debug|Any CPU.Build.0 = Debug|Any CPU
		{7AD66B65-E30A-4499-B05A-062B6394D324}.Release|Any CPU.ActiveCfg = Release|Any CPU
		{7AD66B65-E30A-4499-B05A-062B6394D324}.Release|Any CPU.Build.0 = Release|Any CPU
	EndGlobalSection
	GlobalSection(SolutionProperties) = preSolution
		HideSolutionNode = FALSE
	EndGlobalSection
	GlobalSection(ExtensibilityGlobals) = postSolution
		SolutionGuid = {4B6BCED8-B9BB-4537-AF7A-346331A64AD7}
	EndGlobalSection
EndGlobal
